
Microsoft Visual Studio Solution File, Format Version 12.00
# Visual Studio 2015
Project("{FAE04EC0-301F-11D3-BF4B-00C04F79EFBC}") = "prePrototipo.CSharp.Plugins", "prePrototipo.CSharp.Plugins.csproj", "{C4173891-436D-BB58-115A-71C946D0AC6D}"
EndProject
Project("{FAE04EC0-301F-11D3-BF4B-00C04F79EFBC}") = "prePrototipo.CSharp", "prePrototipo.CSharp.csproj", "{3073A801-B138-D16A-8821-793035B4C3A3}"
EndProject
Project("{FAE04EC0-301F-11D3-BF4B-00C04F79EFBC}") = "prePrototipo.CSharp.Editor.Plugins", "prePrototipo.CSharp.Editor.Plugins.csproj", "{69902D46-8162-93D0-570A-4518D78D8C55}"
EndProject
Global
	GlobalSection(SolutionConfigurationPlatforms) = preSolution
		Debug|Any CPU = Debug|Any CPU
		Release|Any CPU = Release|Any CPU
	EndGlobalSection
	GlobalSection(ProjectConfigurationPlatforms) = postSolution
		{C4173891-436D-BB58-115A-71C946D0AC6D}.Debug|Any CPU.ActiveCfg = Debug|Any CPU
		{C4173891-436D-BB58-115A-71C946D0AC6D}.Debug|Any CPU.Build.0 = Debug|Any CPU
		{C4173891-436D-BB58-115A-71C946D0AC6D}.Release|Any CPU.ActiveCfg = Release|Any CPU
		{C4173891-436D-BB58-115A-71C946D0AC6D}.Release|Any CPU.Build.0 = Release|Any CPU
		{3073A801-B138-D16A-8821-793035B4C3A3}.Debug|Any CPU.ActiveCfg = Debug|Any CPU
		{3073A801-B138-D16A-8821-793035B4C3A3}.Debug|Any CPU.Build.0 = Debug|Any CPU
		{3073A801-B138-D16A-8821-793035B4C3A3}.Release|Any CPU.ActiveCfg = Release|Any CPU
		{3073A801-B138-D16A-8821-793035B4C3A3}.Release|Any CPU.Build.0 = Release|Any CPU
		{69902D46-8162-93D0-570A-4518D78D8C55}.Debug|Any CPU.ActiveCfg = Debug|Any CPU
		{69902D46-8162-93D0-570A-4518D78D8C55}.Debug|Any CPU.Build.0 = Debug|Any CPU
		{69902D46-8162-93D0-570A-4518D78D8C55}.Release|Any CPU.ActiveCfg = Release|Any CPU
		{69902D46-8162-93D0-570A-4518D78D8C55}.Release|Any CPU.Build.0 = Release|Any CPU
	EndGlobalSection
	GlobalSection(SolutionProperties) = preSolution
		HideSolutionNode = FALSE
	EndGlobalSection
EndGlobal
