
Microsoft Visual Studio Solution File, Format Version 12.00
# Visual Studio 2015
Project("{FAE04EC0-301F-11D3-BF4B-00C04F79EFBC}") = "prePrototipo.Plugins", "prePrototipo.Plugins.csproj", "{0F48BB5F-D7FC-AC15-8AA4-AF9A20DEE9C6}"
EndProject
Project("{FAE04EC0-301F-11D3-BF4B-00C04F79EFBC}") = "prePrototipo", "prePrototipo.csproj", "{09642EDA-F60F-9106-A293-4E811B59CB6C}"
EndProject
Project("{FAE04EC0-301F-11D3-BF4B-00C04F79EFBC}") = "prePrototipo.Editor.Plugins", "prePrototipo.Editor.Plugins.csproj", "{C741C3C8-C086-B343-48DF-AB093BC7D5E8}"
EndProject
Global
	GlobalSection(SolutionConfigurationPlatforms) = preSolution
		Debug|Any CPU = Debug|Any CPU
		Release|Any CPU = Release|Any CPU
	EndGlobalSection
	GlobalSection(ProjectConfigurationPlatforms) = postSolution
		{0F48BB5F-D7FC-AC15-8AA4-AF9A20DEE9C6}.Debug|Any CPU.ActiveCfg = Debug|Any CPU
		{0F48BB5F-D7FC-AC15-8AA4-AF9A20DEE9C6}.Debug|Any CPU.Build.0 = Debug|Any CPU
		{0F48BB5F-D7FC-AC15-8AA4-AF9A20DEE9C6}.Release|Any CPU.ActiveCfg = Release|Any CPU
		{0F48BB5F-D7FC-AC15-8AA4-AF9A20DEE9C6}.Release|Any CPU.Build.0 = Release|Any CPU
		{09642EDA-F60F-9106-A293-4E811B59CB6C}.Debug|Any CPU.ActiveCfg = Debug|Any CPU
		{09642EDA-F60F-9106-A293-4E811B59CB6C}.Debug|Any CPU.Build.0 = Debug|Any CPU
		{09642EDA-F60F-9106-A293-4E811B59CB6C}.Release|Any CPU.ActiveCfg = Release|Any CPU
		{09642EDA-F60F-9106-A293-4E811B59CB6C}.Release|Any CPU.Build.0 = Release|Any CPU
		{C741C3C8-C086-B343-48DF-AB093BC7D5E8}.Debug|Any CPU.ActiveCfg = Debug|Any CPU
		{C741C3C8-C086-B343-48DF-AB093BC7D5E8}.Debug|Any CPU.Build.0 = Debug|Any CPU
		{C741C3C8-C086-B343-48DF-AB093BC7D5E8}.Release|Any CPU.ActiveCfg = Release|Any CPU
		{C741C3C8-C086-B343-48DF-AB093BC7D5E8}.Release|Any CPU.Build.0 = Release|Any CPU
	EndGlobalSection
	GlobalSection(SolutionProperties) = preSolution
		HideSolutionNode = FALSE
	EndGlobalSection
EndGlobal
